// !$*UTF8*$!
{
	archiveVersion = 1;
	classes = {
	};
	objectVersion = 48;
	objects = {

/* Begin PBXBuildFile section */
		D91DF66421AB14330051EA2A /* AppDelegate.swift in Sources */ = {isa = PBXBuildFile; fileRef = D91DF66321AB14330051EA2A /* AppDelegate.swift */; };
		D91DF66621AB14330051EA2A /* PlanetSelectorVC.swift in Sources */ = {isa = PBXBuildFile; fileRef = D91DF66521AB14330051EA2A /* PlanetSelectorVC.swift */; };
		D91DF66921AB14330051EA2A /* Main.storyboard in Resources */ = {isa = PBXBuildFile; fileRef = D91DF66721AB14330051EA2A /* Main.storyboard */; };
		D91DF66B21AB14330051EA2A /* Assets.xcassets in Resources */ = {isa = PBXBuildFile; fileRef = D91DF66A21AB14330051EA2A /* Assets.xcassets */; };
		D91DF66E21AB14330051EA2A /* LaunchScreen.storyboard in Resources */ = {isa = PBXBuildFile; fileRef = D91DF66C21AB14330051EA2A /* LaunchScreen.storyboard */; };
		D91DF68221AB41DE0051EA2A /* art.scnassets in Resources */ = {isa = PBXBuildFile; fileRef = D91DF68121AB41DE0051EA2A /* art.scnassets */; };
		D97E44AB21AB46D200A04CE2 /* PlanetCell.swift in Sources */ = {isa = PBXBuildFile; fileRef = D97E44AA21AB46D200A04CE2 /* PlanetCell.swift */; };
/* End PBXBuildFile section */

/* Begin PBXFileReference section */
		D91DF66021AB14330051EA2A /* planets-development.app */ = {isa = PBXFileReference; explicitFileType = wrapper.application; includeInIndex = 0; path = "planets-development.app"; sourceTree = BUILT_PRODUCTS_DIR; };
		D91DF66321AB14330051EA2A /* AppDelegate.swift */ = {isa = PBXFileReference; lastKnownFileType = sourcecode.swift; path = AppDelegate.swift; sourceTree = "<group>"; };
		D91DF66521AB14330051EA2A /* PlanetSelectorVC.swift */ = {isa = PBXFileReference; lastKnownFileType = sourcecode.swift; path = PlanetSelectorVC.swift; sourceTree = "<group>"; };
		D91DF66821AB14330051EA2A /* Base */ = {isa = PBXFileReference; lastKnownFileType = file.storyboard; name = Base; path = Base.lproj/Main.storyboard; sourceTree = "<group>"; };
		D91DF66A21AB14330051EA2A /* Assets.xcassets */ = {isa = PBXFileReference; lastKnownFileType = folder.assetcatalog; path = Assets.xcassets; sourceTree = "<group>"; };
		D91DF66D21AB14330051EA2A /* Base */ = {isa = PBXFileReference; lastKnownFileType = file.storyboard; name = Base; path = Base.lproj/LaunchScreen.storyboard; sourceTree = "<group>"; };
		D91DF66F21AB14330051EA2A /* Info.plist */ = {isa = PBXFileReference; lastKnownFileType = text.plist.xml; path = Info.plist; sourceTree = "<group>"; };
		D91DF68121AB41DE0051EA2A /* art.scnassets */ = {isa = PBXFileReference; lastKnownFileType = wrapper.scnassets; path = art.scnassets; sourceTree = "<group>"; };
		D97E44AA21AB46D200A04CE2 /* PlanetCell.swift */ = {isa = PBXFileReference; lastKnownFileType = sourcecode.swift; path = PlanetCell.swift; sourceTree = "<group>"; };
/* End PBXFileReference section */

/* Begin PBXFrameworksBuildPhase section */
		D91DF65D21AB14330051EA2A /* Frameworks */ = {
			isa = PBXFrameworksBuildPhase;
			buildActionMask = 2147483647;
			files = (
			);
			runOnlyForDeploymentPostprocessing = 0;
		};
/* End PBXFrameworksBuildPhase section */

/* Begin PBXGroup section */
		D91DF65721AB14330051EA2A = {
			isa = PBXGroup;
			children = (
				D91DF66221AB14330051EA2A /* planets-development */,
				D91DF66121AB14330051EA2A /* Products */,
			);
			sourceTree = "<group>";
		};
		D91DF66121AB14330051EA2A /* Products */ = {
			isa = PBXGroup;
			children = (
				D91DF66021AB14330051EA2A /* planets-development.app */,
			);
			name = Products;
			sourceTree = "<group>";
		};
		D91DF66221AB14330051EA2A /* planets-development */ = {
			isa = PBXGroup;
			children = (
				D91DF66321AB14330051EA2A /* AppDelegate.swift */,
				D91DF66521AB14330051EA2A /* PlanetSelectorVC.swift */,
				D97E44AA21AB46D200A04CE2 /* PlanetCell.swift */,
				D91DF66721AB14330051EA2A /* Main.storyboard */,
				D91DF66C21AB14330051EA2A /* LaunchScreen.storyboard */,
				D91DF66F21AB14330051EA2A /* Info.plist */,
				D91DF66A21AB14330051EA2A /* Assets.xcassets */,
				D91DF68121AB41DE0051EA2A /* art.scnassets */,
			);
			path = "planets-development";
			sourceTree = "<group>";
		};
/* End PBXGroup section */

/* Begin PBXNativeTarget section */
		D91DF65F21AB14330051EA2A /* planets-development */ = {
			isa = PBXNativeTarget;
			buildConfigurationList = D91DF67221AB14330051EA2A /* Build configuration list for PBXNativeTarget "planets-development" */;
			buildPhases = (
				D91DF65C21AB14330051EA2A /* Sources */,
				D91DF65D21AB14330051EA2A /* Frameworks */,
				D91DF65E21AB14330051EA2A /* Resources */,
			);
			buildRules = (
			);
			dependencies = (
			);
			name = "planets-development";
			productName = "planets-development";
			productReference = D91DF66021AB14330051EA2A /* planets-development.app */;
			productType = "com.apple.product-type.application";
		};
/* End PBXNativeTarget section */

/* Begin PBXProject section */
		D91DF65821AB14330051EA2A /* Project object */ = {
			isa = PBXProject;
			attributes = {
				LastSwiftUpdateCheck = 0910;
				LastUpgradeCheck = 0910;
				ORGANIZATIONNAME = "Mustafa GUNES";
				TargetAttributes = {
					D91DF65F21AB14330051EA2A = {
						CreatedOnToolsVersion = 9.1;
						ProvisioningStyle = Automatic;
					};
				};
			};
			buildConfigurationList = D91DF65B21AB14330051EA2A /* Build configuration list for PBXProject "planets-development" */;
			compatibilityVersion = "Xcode 8.0";
			developmentRegion = en;
			hasScannedForEncodings = 0;
			knownRegions = (
				en,
				Base,
			);
			mainGroup = D91DF65721AB14330051EA2A;
			productRefGroup = D91DF66121AB14330051EA2A /* Products */;
			projectDirPath = "";
			projectRoot = "";
			targets = (
				D91DF65F21AB14330051EA2A /* planets-development */,
			);
		};
/* End PBXProject section */

/* Begin PBXResourcesBuildPhase section */
		D91DF65E21AB14330051EA2A /* Resources */ = {
			isa = PBXResourcesBuildPhase;
			buildActionMask = 2147483647;
			files = (
				D91DF68221AB41DE0051EA2A /* art.scnassets in Resources */,
				D91DF66E21AB14330051EA2A /* LaunchScreen.storyboard in Resources */,
				D91DF66B21AB14330051EA2A /* Assets.xcassets in Resources */,
				D91DF66921AB14330051EA2A /* Main.storyboard in Resources */,
			);
			runOnlyForDeploymentPostprocessing = 0;
		};
/* End PBXResourcesBuildPhase section */

/* Begin PBXSourcesBuildPhase section */
		D91DF65C21AB14330051EA2A /* Sources */ = {
			isa = PBXSourcesBuildPhase;
			buildActionMask = 2147483647;
			files = (
				D97E44AB21AB46D200A04CE2 /* PlanetCell.swift in Sources */,
				D91DF66621AB14330051EA2A /* PlanetSelectorVC.swift in Sources */,
				D91DF66421AB14330051EA2A /* AppDelegate.swift in Sources */,
			);
			runOnlyForDeploymentPostprocessing = 0;
		};
/* End PBXSourcesBuildPhase section */

/* Begin PBXVariantGroup section */
		D91DF66721AB14330051EA2A /* Main.storyboard */ = {
			isa = PBXVariantGroup;
			children = (
				D91DF66821AB14330051EA2A /* Base */,
			);
			name = Main.storyboard;
			sourceTree = "<group>";
		};
		D91DF66C21AB14330051EA2A /* LaunchScreen.storyboard */ = {
			isa = PBXVariantGroup;
			children = (
				D91DF66D21AB14330051EA2A /* Base */,
			);
			name = LaunchScreen.storyboard;
			sourceTree = "<group>";
		};
/* End PBXVariantGroup section */

/* Begin XCBuildConfiguration section */
		D91DF67021AB14330051EA2A /* Debug */ = {
			isa = XCBuildConfiguration;
			buildSettings = {
				ALWAYS_SEARCH_USER_PATHS = NO;
				CLANG_ANALYZER_NONNULL = YES;
				CLANG_ANALYZER_NUMBER_OBJECT_CONVERSION = YES_AGGRESSIVE;
				CLANG_CXX_LANGUAGE_STANDARD = "gnu++14";
				CLANG_CXX_LIBRARY = "libc++";
				CLANG_ENABLE_MODULES = YES;
				CLANG_ENABLE_OBJC_ARC = YES;
				CLANG_WARN_BLOCK_CAPTURE_AUTORELEASING = YES;
				CLANG_WARN_BOOL_CONVERSION = YES;
				CLANG_WARN_COMMA = YES;
				CLANG_WARN_CONSTANT_CONVERSION = YES;
				CLANG_WARN_DIRECT_OBJC_ISA_USAGE = YES_ERROR;
				CLANG_WARN_DOCUMENTATION_COMMENTS = YES;
				CLANG_WARN_EMPTY_BODY = YES;
				CLANG_WARN_ENUM_CONVERSION = YES;
				CLANG_WARN_INFINITE_RECURSION = YES;
				CLANG_WARN_INT_CONVERSION = YES;
				CLANG_WARN_NON_LITERAL_NULL_CONVERSION = YES;
				CLANG_WARN_OBJC_LITERAL_CONVERSION = YES;
				CLANG_WARN_OBJC_ROOT_CLASS = YES_ERROR;
				CLANG_WARN_RANGE_LOOP_ANALYSIS = YES;
				CLANG_WARN_STRICT_PROTOTYPES = YES;
				CLANG_WARN_SUSPICIOUS_MOVE = YES;
				CLANG_WARN_UNGUARDED_AVAILABILITY = YES_AGGRESSIVE;
				CLANG_WARN_UNREACHABLE_CODE = YES;
				CLANG_WARN__DUPLICATE_METHOD_MATCH = YES;
				CODE_SIGN_IDENTITY = "iPhone Developer";
				COPY_PHASE_STRIP = NO;
				DEBUG_INFORMATION_FORMAT = dwarf;
				ENABLE_STRICT_OBJC_MSGSEND = YES;
				ENABLE_TESTABILITY = YES;
				GCC_C_LANGUAGE_STANDARD = gnu11;
				GCC_DYNAMIC_NO_PIC = NO;
				GCC_NO_COMMON_BLOCKS = YES;
				GCC_OPTIMIZATION_LEVEL = 0;
				GCC_PREPROCESSOR_DEFINITIONS = (
					"DEBUG=1",
					"$(inherited)",
				);
				GCC_WARN_64_TO_32_BIT_CONVERSION = YES;
				GCC_WARN_ABOUT_RETURN_TYPE = YES_ERROR;
				GCC_WARN_UNDECLARED_SELECTOR = YES;
				GCC_WARN_UNINITIALIZED_AUTOS = YES_AGGRESSIVE;
				GCC_WARN_UNUSED_FUNCTION = YES;
				GCC_WARN_UNUSED_VARIABLE = YES;
				IPHONEOS_DEPLOYMENT_TARGET = 11.1;
				MTL_ENABLE_DEBUG_INFO = YES;
				ONLY_ACTIVE_ARCH = YES;
				SDKROOT = iphoneos;
				SWIFT_ACTIVE_COMPILATION_CONDITIONS = DEBUG;
				SWIFT_OPTIMIZATION_LEVEL = "-Onone";
			};
			name = Debug;
		};
		D91DF67121AB14330051EA2A /* Release */ = {
			isa = XCBuildConfiguration;
			buildSettings = {
				ALWAYS_SEARCH_USER_PATHS = NO;
				CLANG_ANALYZER_NONNULL = YES;
				CLANG_ANALYZER_NUMBER_OBJECT_CONVERSION = YES_AGGRESSIVE;
				CLANG_CXX_LANGUAGE_STANDARD = "gnu++14";
				CLANG_CXX_LIBRARY = "libc++";
				CLANG_ENABLE_MODULES = YES;
				CLANG_ENABLE_OBJC_ARC = YES;
				CLANG_WARN_BLOCK_CAPTURE_AUTORELEASING = YES;
				CLANG_WARN_BOOL_CONVERSION = YES;
				CLANG_WARN_COMMA = YES;
				CLANG_WARN_CONSTANT_CONVERSION = YES;
				CLANG_WARN_DIRECT_OBJC_ISA_USAGE = YES_ERROR;
				CLANG_WARN_DOCUMENTATION_COMMENTS = YES;
				CLANG_WARN_EMPTY_BODY = YES;
				CLANG_WARN_ENUM_CONVERSION = YES;
				CLANG_WARN_INFINITE_RECURSION = YES;
				CLANG_WARN_INT_CONVERSION = YES;
				CLANG_WARN_NON_LITERAL_NULL_CONVERSION = YES;
				CLANG_WARN_OBJC_LITERAL_CONVERSION = YES;
				CLANG_WARN_OBJC_ROOT_CLASS = YES_ERROR;
				CLANG_WARN_RANGE_LOOP_ANALYSIS = YES;
				CLANG_WARN_STRICT_PROTOTYPES = YES;
				CLANG_WARN_SUSPICIOUS_MOVE = YES;
				CLANG_WARN_UNGUARDED_AVAILABILITY = YES_AGGRESSIVE;
				CLANG_WARN_UNREACHABLE_CODE = YES;
				CLANG_WARN__DUPLICATE_METHOD_MATCH = YES;
				CODE_SIGN_IDENTITY = "iPhone Developer";
				COPY_PHASE_STRIP = NO;
				DEBUG_INFORMATION_FORMAT = "dwarf-with-dsym";
				ENABLE_NS_ASSERTIONS = NO;
				ENABLE_STRICT_OBJC_MSGSEND = YES;
				GCC_C_LANGUAGE_STANDARD = gnu11;
				GCC_NO_COMMON_BLOCKS = YES;
				GCC_WARN_64_TO_32_BIT_CONVERSION = YES;
				GCC_WARN_ABOUT_RETURN_TYPE = YES_ERROR;
				GCC_WARN_UNDECLARED_SELECTOR = YES;
				GCC_WARN_UNINITIALIZED_AUTOS = YES_AGGRESSIVE;
				GCC_WARN_UNUSED_FUNCTION = YES;
				GCC_WARN_UNUSED_VARIABLE = YES;
				IPHONEOS_DEPLOYMENT_TARGET = 11.1;
				MTL_ENABLE_DEBUG_INFO = NO;
				SDKROOT = iphoneos;
				SWIFT_OPTIMIZATION_LEVEL = "-Owholemodule";
				VALIDATE_PRODUCT = YES;
			};
			name = Release;
		};
		D91DF67321AB14330051EA2A /* Debug */ = {
			isa = XCBuildConfiguration;
			buildSettings = {
				ASSETCATALOG_COMPILER_APPICON_NAME = AppIcon;
				CODE_SIGN_STYLE = Automatic;
				DEVELOPMENT_TEAM = 8DVHX5WRRH;
				INFOPLIST_FILE = "planets-development/Info.plist";
				IPHONEOS_DEPLOYMENT_TARGET = 11.1;
				LD_RUNPATH_SEARCH_PATHS = "$(inherited) @executable_path/Frameworks";
				PRODUCT_BUNDLE_IDENTIFIER = "muguapps.planets-development";
				PRODUCT_NAME = "$(TARGET_NAME)";
				SWIFT_VERSION = 4.0;
				TARGETED_DEVICE_FAMILY = "1,2";
			};
			name = Debug;
		};
		D91DF67421AB14330051EA2A /* Release */ = {
			isa = XCBuildConfiguration;
			buildSettings = {
				ASSETCATALOG_COMPILER_APPICON_NAME = AppIcon;
				CODE_SIGN_STYLE = Automatic;
				DEVELOPMENT_TEAM = 8DVHX5WRRH;
				INFOPLIST_FILE = "planets-development/Info.plist";
				IPHONEOS_DEPLOYMENT_TARGET = 11.1;
				LD_RUNPATH_SEARCH_PATHS = "$(inherited) @executable_path/Frameworks";
				PRODUCT_BUNDLE_IDENTIFIER = "muguapps.planets-development";
				PRODUCT_NAME = "$(TARGET_NAME)";
				SWIFT_VERSION = 4.0;
				TARGETED_DEVICE_FAMILY = "1,2";
			};
			name = Release;
		};
/* End XCBuildConfiguration section */

/* Begin XCConfigurationList section */
		D91DF65B21AB14330051EA2A /* Build configuration list for PBXProject "planets-development" */ = {
			isa = XCConfigurationList;
			buildConfigurations = (
				D91DF67021AB14330051EA2A /* Debug */,
				D91DF67121AB14330051EA2A /* Release */,
			);
			defaultConfigurationIsVisible = 0;
			defaultConfigurationName = Release;
		};
		D91DF67221AB14330051EA2A /* Build configuration list for PBXNativeTarget "planets-development" */ = {
			isa = XCConfigurationList;
			buildConfigurations = (
				D91DF67321AB14330051EA2A /* Debug */,
				D91DF67421AB14330051EA2A /* Release */,
			);
			defaultConfigurationIsVisible = 0;
			defaultConfigurationName = Release;
		};
/* End XCConfigurationList section */
	};
	rootObject = D91DF65821AB14330051EA2A /* Project object */;
}
